
Microsoft Visual Studio Solution File, Format Version 12.00
# Visual Studio Version 16
VisualStudioVersion = 16.0.810.7
MinimumVisualStudioVersion = 10.0.40219.1
Project("{FAE04EC0-301F-11D3-BF4B-00C04F79EFBC}") = "ProjectManagementSystem", "ProjectManagementSystem\ProjectManagementSystem.csproj", "{48FC7B8B-6B3E-4D5F-99CF-E57DE827597F}"
EndProject
Global
	GlobalSection(SolutionConfigurationPlatforms) = preSolution
		Debug|Any CPU = Debug|Any CPU
		Release|Any CPU = Release|Any CPU
	EndGlobalSection
	GlobalSection(ProjectConfigurationPlatforms) = postSolution
		{48FC7B8B-6B3E-4D5F-99CF-E57DE827597F}.Debug|Any CPU.ActiveCfg = Debug|Any CPU
		{48FC7B8B-6B3E-4D5F-99CF-E57DE827597F}.Debug|Any CPU.Build.0 = Debug|Any CPU
		{48FC7B8B-6B3E-4D5F-99CF-E57DE827597F}.Release|Any CPU.ActiveCfg = Release|Any CPU
		{48FC7B8B-6B3E-4D5F-99CF-E57DE827597F}.Release|Any CPU.Build.0 = Release|Any CPU
	EndGlobalSection
	GlobalSection(SolutionProperties) = preSolution
		HideSolutionNode = FALSE
	EndGlobalSection
	GlobalSection(ExtensibilityGlobals) = postSolution
		SolutionGuid = {93135BE6-92F8-4FF8-B01F-69DA89EF321E}
	EndGlobalSection
EndGlobal
